
Microsoft Visual Studio Solution File, Format Version 12.00
# Visual Studio Version 17
VisualStudioVersion = 17.6.33723.286
MinimumVisualStudioVersion = 10.0.40219.1
Project("{FAE04EC0-301F-11D3-BF4B-00C04F79EFBC}") = "DataBase", "DataBase\DataBase.csproj", "{71E84F99-4E94-492A-8E37-DDA74E431450}"
	ProjectSection(ProjectDependencies) = postProject
		{968D2680-AF34-443C-8B14-639D332B99DF} = {968D2680-AF34-443C-8B14-639D332B99DF}
	EndProjectSection
EndProject
Project("{FAE04EC0-301F-11D3-BF4B-00C04F79EFBC}") = "StoreDataAccess", "StoreDataAccess\StoreDataAccess.csproj", "{968D2680-AF34-443C-8B14-639D332B99DF}"
EndProject
Global
	GlobalSection(SolutionConfigurationPlatforms) = preSolution
		Debug|Any CPU = Debug|Any CPU
		Release|Any CPU = Release|Any CPU
	EndGlobalSection
	GlobalSection(ProjectConfigurationPlatforms) = postSolution
		{71E84F99-4E94-492A-8E37-DDA74E431450}.Debug|Any CPU.ActiveCfg = Debug|Any CPU
		{71E84F99-4E94-492A-8E37-DDA74E431450}.Debug|Any CPU.Build.0 = Debug|Any CPU
		{71E84F99-4E94-492A-8E37-DDA74E431450}.Release|Any CPU.ActiveCfg = Release|Any CPU
		{71E84F99-4E94-492A-8E37-DDA74E431450}.Release|Any CPU.Build.0 = Release|Any CPU
		{968D2680-AF34-443C-8B14-639D332B99DF}.Debug|Any CPU.ActiveCfg = Debug|Any CPU
		{968D2680-AF34-443C-8B14-639D332B99DF}.Debug|Any CPU.Build.0 = Debug|Any CPU
		{968D2680-AF34-443C-8B14-639D332B99DF}.Release|Any CPU.ActiveCfg = Release|Any CPU
		{968D2680-AF34-443C-8B14-639D332B99DF}.Release|Any CPU.Build.0 = Release|Any CPU
	EndGlobalSection
	GlobalSection(SolutionProperties) = preSolution
		HideSolutionNode = FALSE
	EndGlobalSection
	GlobalSection(ExtensibilityGlobals) = postSolution
		SolutionGuid = {01B2A03B-1FCF-4E27-B4E9-983A561DADB1}
	EndGlobalSection
EndGlobal
