
Microsoft Visual Studio Solution File, Format Version 12.00
# Visual Studio Version 17
VisualStudioVersion = 17.6.33723.286
MinimumVisualStudioVersion = 10.0.40219.1
Project("{FAE04EC0-301F-11D3-BF4B-00C04F79EFBC}") = "BasketballMongo", "BasketballMongo\BasketballMongo.csproj", "{6F705DE7-927B-43DC-8BA3-F4306253447C}"
EndProject
Project("{FAE04EC0-301F-11D3-BF4B-00C04F79EFBC}") = "MongoDataAccess", "MongoDataAccess\MongoDataAccess.csproj", "{45809184-8913-4994-856C-CF71621FB65F}"
EndProject
Global
	GlobalSection(SolutionConfigurationPlatforms) = preSolution
		Debug|Any CPU = Debug|Any CPU
		Release|Any CPU = Release|Any CPU
	EndGlobalSection
	GlobalSection(ProjectConfigurationPlatforms) = postSolution
		{6F705DE7-927B-43DC-8BA3-F4306253447C}.Debug|Any CPU.ActiveCfg = Debug|Any CPU
		{6F705DE7-927B-43DC-8BA3-F4306253447C}.Debug|Any CPU.Build.0 = Debug|Any CPU
		{6F705DE7-927B-43DC-8BA3-F4306253447C}.Release|Any CPU.ActiveCfg = Release|Any CPU
		{6F705DE7-927B-43DC-8BA3-F4306253447C}.Release|Any CPU.Build.0 = Release|Any CPU
		{45809184-8913-4994-856C-CF71621FB65F}.Debug|Any CPU.ActiveCfg = Debug|Any CPU
		{45809184-8913-4994-856C-CF71621FB65F}.Debug|Any CPU.Build.0 = Debug|Any CPU
		{45809184-8913-4994-856C-CF71621FB65F}.Release|Any CPU.ActiveCfg = Release|Any CPU
		{45809184-8913-4994-856C-CF71621FB65F}.Release|Any CPU.Build.0 = Release|Any CPU
	EndGlobalSection
	GlobalSection(SolutionProperties) = preSolution
		HideSolutionNode = FALSE
	EndGlobalSection
	GlobalSection(ExtensibilityGlobals) = postSolution
		SolutionGuid = {F2360BFE-FAA4-42C3-B85A-570D8A287EEF}
	EndGlobalSection
EndGlobal
